
Microsoft Visual Studio Solution File, Format Version 12.00
# Visual Studio Version 17
VisualStudioVersion = 17.5.002.0
MinimumVisualStudioVersion = 10.0.40219.1
Project("{9A19103F-16F7-4668-BE54-9A1E7A4F7556}") = "CS-Coursework", "CS-Coursework.csproj", "{71708FE0-CB1A-4A77-969D-C0EEC53BBB1F}"
EndProject
Global
	GlobalSection(SolutionConfigurationPlatforms) = preSolution
		Debug|Any CPU = Debug|Any CPU
		Release|Any CPU = Release|Any CPU
	EndGlobalSection
	GlobalSection(ProjectConfigurationPlatforms) = postSolution
		{71708FE0-CB1A-4A77-969D-C0EEC53BBB1F}.Debug|Any CPU.ActiveCfg = Debug|Any CPU
		{71708FE0-CB1A-4A77-969D-C0EEC53BBB1F}.Debug|Any CPU.Build.0 = Debug|Any CPU
		{71708FE0-CB1A-4A77-969D-C0EEC53BBB1F}.Release|Any CPU.ActiveCfg = Release|Any CPU
		{71708FE0-CB1A-4A77-969D-C0EEC53BBB1F}.Release|Any CPU.Build.0 = Release|Any CPU
	EndGlobalSection
	GlobalSection(SolutionProperties) = preSolution
		HideSolutionNode = FALSE
	EndGlobalSection
	GlobalSection(ExtensibilityGlobals) = postSolution
		SolutionGuid = {C5413C10-2159-49D9-B173-5D5036B923BF}
	EndGlobalSection
EndGlobal
